
Microsoft Visual Studio Solution File, Format Version 12.00
# Visual Studio 14
VisualStudioVersion = 14.0.25123.0
MinimumVisualStudioVersion = 10.0.40219.1
Project("{FAE04EC0-301F-11D3-BF4B-00C04F79EFBC}") = "JsDbg.WinDbg", "JsDbg.WinDbg\JsDbg.WinDbg.csproj", "{3E56FB7B-10F0-43F8-8043-EF21206A8E77}"
EndProject
Project("{FAE04EC0-301F-11D3-BF4B-00C04F79EFBC}") = "JsDbg.Core", "JsDbg.Core\JsDbg.Core.csproj", "{585CEC7E-C788-4E43-BC35-FAB4655C96F2}"
	ProjectSection(ProjectDependencies) = postProject
		{AB2B6BF2-F7F4-4B90-BDC2-58CF71159AC9} = {AB2B6BF2-F7F4-4B90-BDC2-58CF71159AC9}
	EndProjectSection
EndProject
Project("{FAE04EC0-301F-11D3-BF4B-00C04F79EFBC}") = "JsDbg.VisualStudio", "JsDbg.VisualStudio\JsDbg.VisualStudio.csproj", "{0A217F33-7F48-4093-985A-E1B316611169}"
	ProjectSection(ProjectDependencies) = postProject
		{9470150D-CF2F-46ED-8E07-393EDC2134F6} = {9470150D-CF2F-46ED-8E07-393EDC2134F6}
	EndProjectSection
EndProject
Project("{8BC9CEB8-8B4A-11D0-8D11-00A0C91BC942}") = "ExtensionDLL", "ExtensionDLL\ExtensionDLL.vcxproj", "{05AA01BA-58DE-48CA-A7FB-69624164326F}"
EndProject
Project("{FAE04EC0-301F-11D3-BF4B-00C04F79EFBC}") = "LaunchJsDbg", "LaunchJsDbg\LaunchJsDbg.csproj", "{B0BAF213-6264-4732-A95F-0C85653C34CF}"
EndProject
Project("{FAE04EC0-301F-11D3-BF4B-00C04F79EFBC}") = "DeployJsDbg", "DeployJsDbg\DeployJsDbg.csproj", "{5403B3BC-0E99-4C0F-8E61-DBB027065CCD}"
EndProject
Project("{FAE04EC0-301F-11D3-BF4B-00C04F79EFBC}") = "ZipFolder", "ZipFolder\ZipFolder.csproj", "{9470150D-CF2F-46ED-8E07-393EDC2134F6}"
EndProject
Project("{8BC9CEB8-8B4A-11D0-8D11-00A0C91BC942}") = "DiaSource", "DiaSource\DiaSource.vcxproj", "{AB2B6BF2-F7F4-4B90-BDC2-58CF71159AC9}"
EndProject
Global
	GlobalSection(SolutionConfigurationPlatforms) = preSolution
		Debug|Any CPU = Debug|Any CPU
		Debug|x64 = Debug|x64
		Debug|x86 = Debug|x86
		Deploy|Any CPU = Deploy|Any CPU
		Deploy|x64 = Deploy|x64
		Deploy|x86 = Deploy|x86
		Release|Any CPU = Release|Any CPU
		Release|x64 = Release|x64
		Release|x86 = Release|x86
	EndGlobalSection
	GlobalSection(ProjectConfigurationPlatforms) = postSolution
		{3E56FB7B-10F0-43F8-8043-EF21206A8E77}.Debug|Any CPU.ActiveCfg = Debug|Any CPU
		{3E56FB7B-10F0-43F8-8043-EF21206A8E77}.Debug|Any CPU.Build.0 = Debug|Any CPU
		{3E56FB7B-10F0-43F8-8043-EF21206A8E77}.Debug|x64.ActiveCfg = Debug|Any CPU
		{3E56FB7B-10F0-43F8-8043-EF21206A8E77}.Debug|x64.Build.0 = Debug|Any CPU
		{3E56FB7B-10F0-43F8-8043-EF21206A8E77}.Debug|x86.ActiveCfg = Debug|x86
		{3E56FB7B-10F0-43F8-8043-EF21206A8E77}.Debug|x86.Build.0 = Debug|x86
		{3E56FB7B-10F0-43F8-8043-EF21206A8E77}.Deploy|Any CPU.ActiveCfg = Release|x86
		{3E56FB7B-10F0-43F8-8043-EF21206A8E77}.Deploy|Any CPU.Build.0 = Release|x86
		{3E56FB7B-10F0-43F8-8043-EF21206A8E77}.Deploy|x64.ActiveCfg = Release|Any CPU
		{3E56FB7B-10F0-43F8-8043-EF21206A8E77}.Deploy|x64.Build.0 = Release|Any CPU
		{3E56FB7B-10F0-43F8-8043-EF21206A8E77}.Deploy|x86.ActiveCfg = Release|x86
		{3E56FB7B-10F0-43F8-8043-EF21206A8E77}.Deploy|x86.Build.0 = Release|x86
		{3E56FB7B-10F0-43F8-8043-EF21206A8E77}.Release|Any CPU.ActiveCfg = Release|x86
		{3E56FB7B-10F0-43F8-8043-EF21206A8E77}.Release|Any CPU.Build.0 = Release|x86
		{3E56FB7B-10F0-43F8-8043-EF21206A8E77}.Release|x64.ActiveCfg = Release|Any CPU
		{3E56FB7B-10F0-43F8-8043-EF21206A8E77}.Release|x64.Build.0 = Release|Any CPU
		{3E56FB7B-10F0-43F8-8043-EF21206A8E77}.Release|x86.ActiveCfg = Release|x86
		{3E56FB7B-10F0-43F8-8043-EF21206A8E77}.Release|x86.Build.0 = Release|x86
		{585CEC7E-C788-4E43-BC35-FAB4655C96F2}.Debug|Any CPU.ActiveCfg = Debug|Any CPU
		{585CEC7E-C788-4E43-BC35-FAB4655C96F2}.Debug|Any CPU.Build.0 = Debug|Any CPU
		{585CEC7E-C788-4E43-BC35-FAB4655C96F2}.Debug|x64.ActiveCfg = Debug|Any CPU
		{585CEC7E-C788-4E43-BC35-FAB4655C96F2}.Debug|x64.Build.0 = Debug|Any CPU
		{585CEC7E-C788-4E43-BC35-FAB4655C96F2}.Debug|x86.ActiveCfg = Debug|x86
		{585CEC7E-C788-4E43-BC35-FAB4655C96F2}.Debug|x86.Build.0 = Debug|x86
		{585CEC7E-C788-4E43-BC35-FAB4655C96F2}.Deploy|Any CPU.ActiveCfg = Release|Any CPU
		{585CEC7E-C788-4E43-BC35-FAB4655C96F2}.Deploy|Any CPU.Build.0 = Release|Any CPU
		{585CEC7E-C788-4E43-BC35-FAB4655C96F2}.Deploy|x64.ActiveCfg = Release|Any CPU
		{585CEC7E-C788-4E43-BC35-FAB4655C96F2}.Deploy|x64.Build.0 = Release|Any CPU
		{585CEC7E-C788-4E43-BC35-FAB4655C96F2}.Deploy|x86.ActiveCfg = Release|x86
		{585CEC7E-C788-4E43-BC35-FAB4655C96F2}.Deploy|x86.Build.0 = Release|x86
		{585CEC7E-C788-4E43-BC35-FAB4655C96F2}.Release|Any CPU.ActiveCfg = Release|Any CPU
		{585CEC7E-C788-4E43-BC35-FAB4655C96F2}.Release|Any CPU.Build.0 = Release|Any CPU
		{585CEC7E-C788-4E43-BC35-FAB4655C96F2}.Release|x64.ActiveCfg = Release|Any CPU
		{585CEC7E-C788-4E43-BC35-FAB4655C96F2}.Release|x64.Build.0 = Release|Any CPU
		{585CEC7E-C788-4E43-BC35-FAB4655C96F2}.Release|x86.ActiveCfg = Release|x86
		{585CEC7E-C788-4E43-BC35-FAB4655C96F2}.Release|x86.Build.0 = Release|x86
		{0A217F33-7F48-4093-985A-E1B316611169}.Debug|Any CPU.ActiveCfg = Debug|Any CPU
		{0A217F33-7F48-4093-985A-E1B316611169}.Debug|Any CPU.Build.0 = Debug|Any CPU
		{0A217F33-7F48-4093-985A-E1B316611169}.Debug|x64.ActiveCfg = Debug|Any CPU
		{0A217F33-7F48-4093-985A-E1B316611169}.Debug|x64.Build.0 = Debug|Any CPU
		{0A217F33-7F48-4093-985A-E1B316611169}.Debug|x86.ActiveCfg = Debug|Any CPU
		{0A217F33-7F48-4093-985A-E1B316611169}.Debug|x86.Build.0 = Debug|Any CPU
		{0A217F33-7F48-4093-985A-E1B316611169}.Deploy|Any CPU.ActiveCfg = Deploy|Any CPU
		{0A217F33-7F48-4093-985A-E1B316611169}.Deploy|Any CPU.Build.0 = Deploy|Any CPU
		{0A217F33-7F48-4093-985A-E1B316611169}.Deploy|x64.ActiveCfg = Release|Any CPU
		{0A217F33-7F48-4093-985A-E1B316611169}.Deploy|x64.Build.0 = Release|Any CPU
		{0A217F33-7F48-4093-985A-E1B316611169}.Deploy|x86.ActiveCfg = Release|Any CPU
		{0A217F33-7F48-4093-985A-E1B316611169}.Deploy|x86.Build.0 = Release|Any CPU
		{0A217F33-7F48-4093-985A-E1B316611169}.Release|Any CPU.ActiveCfg = Release|Any CPU
		{0A217F33-7F48-4093-985A-E1B316611169}.Release|Any CPU.Build.0 = Release|Any CPU
		{0A217F33-7F48-4093-985A-E1B316611169}.Release|x64.ActiveCfg = Release|Any CPU
		{0A217F33-7F48-4093-985A-E1B316611169}.Release|x64.Build.0 = Release|Any CPU
		{0A217F33-7F48-4093-985A-E1B316611169}.Release|x86.ActiveCfg = Release|Any CPU
		{0A217F33-7F48-4093-985A-E1B316611169}.Release|x86.Build.0 = Release|Any CPU
		{05AA01BA-58DE-48CA-A7FB-69624164326F}.Debug|Any CPU.ActiveCfg = Debug|Win32
		{05AA01BA-58DE-48CA-A7FB-69624164326F}.Debug|x64.ActiveCfg = Debug|x64
		{05AA01BA-58DE-48CA-A7FB-69624164326F}.Debug|x64.Build.0 = Debug|x64
		{05AA01BA-58DE-48CA-A7FB-69624164326F}.Debug|x86.ActiveCfg = Debug|Win32
		{05AA01BA-58DE-48CA-A7FB-69624164326F}.Debug|x86.Build.0 = Debug|Win32
		{05AA01BA-58DE-48CA-A7FB-69624164326F}.Deploy|Any CPU.ActiveCfg = Release|Win32
		{05AA01BA-58DE-48CA-A7FB-69624164326F}.Deploy|x64.ActiveCfg = Release|x64
		{05AA01BA-58DE-48CA-A7FB-69624164326F}.Deploy|x64.Build.0 = Release|x64
		{05AA01BA-58DE-48CA-A7FB-69624164326F}.Deploy|x86.ActiveCfg = Release|Win32
		{05AA01BA-58DE-48CA-A7FB-69624164326F}.Deploy|x86.Build.0 = Release|Win32
		{05AA01BA-58DE-48CA-A7FB-69624164326F}.Release|Any CPU.ActiveCfg = Release|Win32
		{05AA01BA-58DE-48CA-A7FB-69624164326F}.Release|x64.ActiveCfg = Release|x64
		{05AA01BA-58DE-48CA-A7FB-69624164326F}.Release|x64.Build.0 = Release|x64
		{05AA01BA-58DE-48CA-A7FB-69624164326F}.Release|x86.ActiveCfg = Release|Win32
		{05AA01BA-58DE-48CA-A7FB-69624164326F}.Release|x86.Build.0 = Release|Win32
		{B0BAF213-6264-4732-A95F-0C85653C34CF}.Debug|Any CPU.ActiveCfg = Debug|Any CPU
		{B0BAF213-6264-4732-A95F-0C85653C34CF}.Debug|Any CPU.Build.0 = Debug|Any CPU
		{B0BAF213-6264-4732-A95F-0C85653C34CF}.Debug|x64.ActiveCfg = Debug|Any CPU
		{B0BAF213-6264-4732-A95F-0C85653C34CF}.Debug|x64.Build.0 = Debug|Any CPU
		{B0BAF213-6264-4732-A95F-0C85653C34CF}.Debug|x86.ActiveCfg = Debug|Any CPU
		{B0BAF213-6264-4732-A95F-0C85653C34CF}.Debug|x86.Build.0 = Debug|Any CPU
		{B0BAF213-6264-4732-A95F-0C85653C34CF}.Deploy|Any CPU.ActiveCfg = Release|Any CPU
		{B0BAF213-6264-4732-A95F-0C85653C34CF}.Deploy|Any CPU.Build.0 = Release|Any CPU
		{B0BAF213-6264-4732-A95F-0C85653C34CF}.Deploy|x64.ActiveCfg = Release|Any CPU
		{B0BAF213-6264-4732-A95F-0C85653C34CF}.Deploy|x64.Build.0 = Release|Any CPU
		{B0BAF213-6264-4732-A95F-0C85653C34CF}.Deploy|x86.ActiveCfg = Release|Any CPU
		{B0BAF213-6264-4732-A95F-0C85653C34CF}.Deploy|x86.Build.0 = Release|Any CPU
		{B0BAF213-6264-4732-A95F-0C85653C34CF}.Release|Any CPU.ActiveCfg = Release|Any CPU
		{B0BAF213-6264-4732-A95F-0C85653C34CF}.Release|Any CPU.Build.0 = Release|Any CPU
		{B0BAF213-6264-4732-A95F-0C85653C34CF}.Release|x64.ActiveCfg = Release|Any CPU
		{B0BAF213-6264-4732-A95F-0C85653C34CF}.Release|x64.Build.0 = Release|Any CPU
		{B0BAF213-6264-4732-A95F-0C85653C34CF}.Release|x86.ActiveCfg = Release|Any CPU
		{B0BAF213-6264-4732-A95F-0C85653C34CF}.Release|x86.Build.0 = Release|Any CPU
		{5403B3BC-0E99-4C0F-8E61-DBB027065CCD}.Debug|Any CPU.ActiveCfg = Debug|Any CPU
		{5403B3BC-0E99-4C0F-8E61-DBB027065CCD}.Debug|Any CPU.Build.0 = Debug|Any CPU
		{5403B3BC-0E99-4C0F-8E61-DBB027065CCD}.Debug|x64.ActiveCfg = Debug|Any CPU
		{5403B3BC-0E99-4C0F-8E61-DBB027065CCD}.Debug|x64.Build.0 = Debug|Any CPU
		{5403B3BC-0E99-4C0F-8E61-DBB027065CCD}.Debug|x86.ActiveCfg = Debug|Any CPU
		{5403B3BC-0E99-4C0F-8E61-DBB027065CCD}.Debug|x86.Build.0 = Debug|Any CPU
		{5403B3BC-0E99-4C0F-8E61-DBB027065CCD}.Deploy|Any CPU.ActiveCfg = Release|Any CPU
		{5403B3BC-0E99-4C0F-8E61-DBB027065CCD}.Deploy|Any CPU.Build.0 = Release|Any CPU
		{5403B3BC-0E99-4C0F-8E61-DBB027065CCD}.Deploy|x64.ActiveCfg = Release|Any CPU
		{5403B3BC-0E99-4C0F-8E61-DBB027065CCD}.Deploy|x64.Build.0 = Release|Any CPU
		{5403B3BC-0E99-4C0F-8E61-DBB027065CCD}.Deploy|x86.ActiveCfg = Release|Any CPU
		{5403B3BC-0E99-4C0F-8E61-DBB027065CCD}.Deploy|x86.Build.0 = Release|Any CPU
		{5403B3BC-0E99-4C0F-8E61-DBB027065CCD}.Release|Any CPU.ActiveCfg = Release|Any CPU
		{5403B3BC-0E99-4C0F-8E61-DBB027065CCD}.Release|Any CPU.Build.0 = Release|Any CPU
		{5403B3BC-0E99-4C0F-8E61-DBB027065CCD}.Release|x64.ActiveCfg = Release|Any CPU
		{5403B3BC-0E99-4C0F-8E61-DBB027065CCD}.Release|x64.Build.0 = Release|Any CPU
		{5403B3BC-0E99-4C0F-8E61-DBB027065CCD}.Release|x86.ActiveCfg = Release|Any CPU
		{5403B3BC-0E99-4C0F-8E61-DBB027065CCD}.Release|x86.Build.0 = Release|Any CPU
		{9470150D-CF2F-46ED-8E07-393EDC2134F6}.Debug|Any CPU.ActiveCfg = Debug|Any CPU
		{9470150D-CF2F-46ED-8E07-393EDC2134F6}.Debug|Any CPU.Build.0 = Debug|Any CPU
		{9470150D-CF2F-46ED-8E07-393EDC2134F6}.Debug|x64.ActiveCfg = Debug|Any CPU
		{9470150D-CF2F-46ED-8E07-393EDC2134F6}.Debug|x64.Build.0 = Debug|Any CPU
		{9470150D-CF2F-46ED-8E07-393EDC2134F6}.Debug|x86.ActiveCfg = Debug|Any CPU
		{9470150D-CF2F-46ED-8E07-393EDC2134F6}.Debug|x86.Build.0 = Debug|Any CPU
		{9470150D-CF2F-46ED-8E07-393EDC2134F6}.Deploy|Any CPU.ActiveCfg = Release|Any CPU
		{9470150D-CF2F-46ED-8E07-393EDC2134F6}.Deploy|Any CPU.Build.0 = Release|Any CPU
		{9470150D-CF2F-46ED-8E07-393EDC2134F6}.Deploy|x64.ActiveCfg = Release|Any CPU
		{9470150D-CF2F-46ED-8E07-393EDC2134F6}.Deploy|x64.Build.0 = Release|Any CPU
		{9470150D-CF2F-46ED-8E07-393EDC2134F6}.Deploy|x86.ActiveCfg = Release|Any CPU
		{9470150D-CF2F-46ED-8E07-393EDC2134F6}.Deploy|x86.Build.0 = Release|Any CPU
		{9470150D-CF2F-46ED-8E07-393EDC2134F6}.Release|Any CPU.ActiveCfg = Release|Any CPU
		{9470150D-CF2F-46ED-8E07-393EDC2134F6}.Release|Any CPU.Build.0 = Release|Any CPU
		{9470150D-CF2F-46ED-8E07-393EDC2134F6}.Release|x64.ActiveCfg = Release|Any CPU
		{9470150D-CF2F-46ED-8E07-393EDC2134F6}.Release|x64.Build.0 = Release|Any CPU
		{9470150D-CF2F-46ED-8E07-393EDC2134F6}.Release|x86.ActiveCfg = Release|Any CPU
		{9470150D-CF2F-46ED-8E07-393EDC2134F6}.Release|x86.Build.0 = Release|Any CPU
		{AB2B6BF2-F7F4-4B90-BDC2-58CF71159AC9}.Debug|Any CPU.ActiveCfg = Debug|Win32
		{AB2B6BF2-F7F4-4B90-BDC2-58CF71159AC9}.Debug|Any CPU.Build.0 = Debug|Win32
		{AB2B6BF2-F7F4-4B90-BDC2-58CF71159AC9}.Debug|x64.ActiveCfg = Debug|x64
		{AB2B6BF2-F7F4-4B90-BDC2-58CF71159AC9}.Debug|x64.Build.0 = Debug|x64
		{AB2B6BF2-F7F4-4B90-BDC2-58CF71159AC9}.Debug|x86.ActiveCfg = Debug|Win32
		{AB2B6BF2-F7F4-4B90-BDC2-58CF71159AC9}.Debug|x86.Build.0 = Debug|Win32
		{AB2B6BF2-F7F4-4B90-BDC2-58CF71159AC9}.Deploy|Any CPU.ActiveCfg = Release|Win32
		{AB2B6BF2-F7F4-4B90-BDC2-58CF71159AC9}.Deploy|Any CPU.Build.0 = Release|Win32
		{AB2B6BF2-F7F4-4B90-BDC2-58CF71159AC9}.Deploy|x64.ActiveCfg = Release|x64
		{AB2B6BF2-F7F4-4B90-BDC2-58CF71159AC9}.Deploy|x64.Build.0 = Release|x64
		{AB2B6BF2-F7F4-4B90-BDC2-58CF71159AC9}.Deploy|x86.ActiveCfg = Release|Win32
		{AB2B6BF2-F7F4-4B90-BDC2-58CF71159AC9}.Deploy|x86.Build.0 = Release|Win32
		{AB2B6BF2-F7F4-4B90-BDC2-58CF71159AC9}.Release|Any CPU.ActiveCfg = Release|Win32
		{AB2B6BF2-F7F4-4B90-BDC2-58CF71159AC9}.Release|Any CPU.Build.0 = Release|Win32
		{AB2B6BF2-F7F4-4B90-BDC2-58CF71159AC9}.Release|x64.ActiveCfg = Release|x64
		{AB2B6BF2-F7F4-4B90-BDC2-58CF71159AC9}.Release|x64.Build.0 = Release|x64
		{AB2B6BF2-F7F4-4B90-BDC2-58CF71159AC9}.Release|x86.ActiveCfg = Release|Win32
		{AB2B6BF2-F7F4-4B90-BDC2-58CF71159AC9}.Release|x86.Build.0 = Release|Win32
	EndGlobalSection
	GlobalSection(SolutionProperties) = preSolution
		HideSolutionNode = FALSE
	EndGlobalSection
EndGlobal
